// !$*UTF8*$!
{
	archiveVersion = 1;
	classes = {
	};
	objectVersion = 56;
	objects = {

/* Begin PBXBuildFile section */
		6B782E5A2B1E657C0043DCFA /* AppDelegate.swift in Sources */ = {isa = PBXBuildFile; fileRef = 6B782E592B1E657C0043DCFA /* AppDelegate.swift */; };
		6B782E5C2B1E657C0043DCFA /* SceneDelegate.swift in Sources */ = {isa = PBXBuildFile; fileRef = 6B782E5B2B1E657C0043DCFA /* SceneDelegate.swift */; };
		6B782E5E2B1E657C0043DCFA /* LoginViewController.swift in Sources */ = {isa = PBXBuildFile; fileRef = 6B782E5D2B1E657C0043DCFA /* LoginViewController.swift */; };
		6B782E632B1E657D0043DCFA /* Assets.xcassets in Resources */ = {isa = PBXBuildFile; fileRef = 6B782E622B1E657D0043DCFA /* Assets.xcassets */; };
		6B782E662B1E657D0043DCFA /* LaunchScreen.storyboard in Resources */ = {isa = PBXBuildFile; fileRef = 6B782E642B1E657D0043DCFA /* LaunchScreen.storyboard */; };
		6B782E712B1E99240043DCFA /* LoginScreen.swift in Sources */ = {isa = PBXBuildFile; fileRef = 6B782E702B1E99240043DCFA /* LoginScreen.swift */; };
		6B782E7A2B1F9FDF0043DCFA /* RegisterViewController.swift in Sources */ = {isa = PBXBuildFile; fileRef = 6B782E792B1F9FDF0043DCFA /* RegisterViewController.swift */; };
		6B782E7C2B1FA6990043DCFA /* RegisterScreen.swift in Sources */ = {isa = PBXBuildFile; fileRef = 6B782E7B2B1FA6990043DCFA /* RegisterScreen.swift */; };
		E4EDEEC094C43EDE5AA5856B /* Pods_LoginViewCode.framework in Frameworks */ = {isa = PBXBuildFile; fileRef = C17A6E3175FD98068B28F68A /* Pods_LoginViewCode.framework */; };
/* End PBXBuildFile section */

/* Begin PBXFileReference section */
		2EE570E0714C6B3876AAD19C /* Pods-LoginViewCode.release.xcconfig */ = {isa = PBXFileReference; includeInIndex = 1; lastKnownFileType = text.xcconfig; name = "Pods-LoginViewCode.release.xcconfig"; path = "Target Support Files/Pods-LoginViewCode/Pods-LoginViewCode.release.xcconfig"; sourceTree = "<group>"; };
		6B782E562B1E657C0043DCFA /* LoginViewCode.app */ = {isa = PBXFileReference; explicitFileType = wrapper.application; includeInIndex = 0; path = LoginViewCode.app; sourceTree = BUILT_PRODUCTS_DIR; };
		6B782E592B1E657C0043DCFA /* AppDelegate.swift */ = {isa = PBXFileReference; lastKnownFileType = sourcecode.swift; path = AppDelegate.swift; sourceTree = "<group>"; };
		6B782E5B2B1E657C0043DCFA /* SceneDelegate.swift */ = {isa = PBXFileReference; lastKnownFileType = sourcecode.swift; path = SceneDelegate.swift; sourceTree = "<group>"; };
		6B782E5D2B1E657C0043DCFA /* LoginViewController.swift */ = {isa = PBXFileReference; lastKnownFileType = sourcecode.swift; path = LoginViewController.swift; sourceTree = "<group>"; };
		6B782E622B1E657D0043DCFA /* Assets.xcassets */ = {isa = PBXFileReference; lastKnownFileType = folder.assetcatalog; path = Assets.xcassets; sourceTree = "<group>"; };
		6B782E652B1E657D0043DCFA /* Base */ = {isa = PBXFileReference; lastKnownFileType = file.storyboard; name = Base; path = Base.lproj/LaunchScreen.storyboard; sourceTree = "<group>"; };
		6B782E672B1E657D0043DCFA /* Info.plist */ = {isa = PBXFileReference; lastKnownFileType = text.plist.xml; path = Info.plist; sourceTree = "<group>"; };
		6B782E702B1E99240043DCFA /* LoginScreen.swift */ = {isa = PBXFileReference; lastKnownFileType = sourcecode.swift; path = LoginScreen.swift; sourceTree = "<group>"; };
		6B782E792B1F9FDF0043DCFA /* RegisterViewController.swift */ = {isa = PBXFileReference; lastKnownFileType = sourcecode.swift; path = RegisterViewController.swift; sourceTree = "<group>"; };
		6B782E7B2B1FA6990043DCFA /* RegisterScreen.swift */ = {isa = PBXFileReference; lastKnownFileType = sourcecode.swift; path = RegisterScreen.swift; sourceTree = "<group>"; };
		909A55907BCDBE89C81F53F0 /* Pods-LoginViewCode.debug.xcconfig */ = {isa = PBXFileReference; includeInIndex = 1; lastKnownFileType = text.xcconfig; name = "Pods-LoginViewCode.debug.xcconfig"; path = "Target Support Files/Pods-LoginViewCode/Pods-LoginViewCode.debug.xcconfig"; sourceTree = "<group>"; };
		C17A6E3175FD98068B28F68A /* Pods_LoginViewCode.framework */ = {isa = PBXFileReference; explicitFileType = wrapper.framework; includeInIndex = 0; path = Pods_LoginViewCode.framework; sourceTree = BUILT_PRODUCTS_DIR; };
/* End PBXFileReference section */

/* Begin PBXFrameworksBuildPhase section */
		6B782E532B1E657C0043DCFA /* Frameworks */ = {
			isa = PBXFrameworksBuildPhase;
			buildActionMask = 2147483647;
			files = (
				E4EDEEC094C43EDE5AA5856B /* Pods_LoginViewCode.framework in Frameworks */,
			);
			runOnlyForDeploymentPostprocessing = 0;
		};
/* End PBXFrameworksBuildPhase section */

/* Begin PBXGroup section */
		57AF0974900839499AD8619A /* Frameworks */ = {
			isa = PBXGroup;
			children = (
				C17A6E3175FD98068B28F68A /* Pods_LoginViewCode.framework */,
			);
			name = Frameworks;
			sourceTree = "<group>";
		};
		6B782E4D2B1E657C0043DCFA = {
			isa = PBXGroup;
			children = (
				6B782E582B1E657C0043DCFA /* LoginViewCode */,
				6B782E572B1E657C0043DCFA /* Products */,
				AD85AAF6178E4CE789D38C6F /* Pods */,
				57AF0974900839499AD8619A /* Frameworks */,
			);
			sourceTree = "<group>";
		};
		6B782E572B1E657C0043DCFA /* Products */ = {
			isa = PBXGroup;
			children = (
				6B782E562B1E657C0043DCFA /* LoginViewCode.app */,
			);
			name = Products;
			sourceTree = "<group>";
		};
		6B782E582B1E657C0043DCFA /* LoginViewCode */ = {
			isa = PBXGroup;
			children = (
				6B782E742B1F9B5E0043DCFA /* Register */,
				6B782E6D2B1E98820043DCFA /* Login */,
				6B782E592B1E657C0043DCFA /* AppDelegate.swift */,
				6B782E5B2B1E657C0043DCFA /* SceneDelegate.swift */,
				6B782E622B1E657D0043DCFA /* Assets.xcassets */,
				6B782E642B1E657D0043DCFA /* LaunchScreen.storyboard */,
				6B782E672B1E657D0043DCFA /* Info.plist */,
			);
			path = LoginViewCode;
			sourceTree = "<group>";
		};
		6B782E6D2B1E98820043DCFA /* Login */ = {
			isa = PBXGroup;
			children = (
				6B782E6F2B1E98A30043DCFA /* Screen */,
				6B782E6E2B1E98930043DCFA /* Controller */,
			);
			path = Login;
			sourceTree = "<group>";
		};
		6B782E6E2B1E98930043DCFA /* Controller */ = {
			isa = PBXGroup;
			children = (
				6B782E5D2B1E657C0043DCFA /* LoginViewController.swift */,
			);
			path = Controller;
			sourceTree = "<group>";
		};
		6B782E6F2B1E98A30043DCFA /* Screen */ = {
			isa = PBXGroup;
			children = (
				6B782E702B1E99240043DCFA /* LoginScreen.swift */,
			);
			path = Screen;
			sourceTree = "<group>";
		};
		6B782E742B1F9B5E0043DCFA /* Register */ = {
			isa = PBXGroup;
			children = (
				6B782E762B1F9B810043DCFA /* Controller */,
				6B782E752B1F9B750043DCFA /* Screen */,
			);
			path = Register;
			sourceTree = "<group>";
		};
		6B782E752B1F9B750043DCFA /* Screen */ = {
			isa = PBXGroup;
			children = (
				6B782E7B2B1FA6990043DCFA /* RegisterScreen.swift */,
			);
			path = Screen;
			sourceTree = "<group>";
		};
		6B782E762B1F9B810043DCFA /* Controller */ = {
			isa = PBXGroup;
			children = (
				6B782E792B1F9FDF0043DCFA /* RegisterViewController.swift */,
			);
			path = Controller;
			sourceTree = "<group>";
		};
		AD85AAF6178E4CE789D38C6F /* Pods */ = {
			isa = PBXGroup;
			children = (
				909A55907BCDBE89C81F53F0 /* Pods-LoginViewCode.debug.xcconfig */,
				2EE570E0714C6B3876AAD19C /* Pods-LoginViewCode.release.xcconfig */,
			);
			name = Pods;
			path = Pods;
			sourceTree = "<group>";
		};
/* End PBXGroup section */

/* Begin PBXNativeTarget section */
		6B782E552B1E657C0043DCFA /* LoginViewCode */ = {
			isa = PBXNativeTarget;
			buildConfigurationList = 6B782E6A2B1E657D0043DCFA /* Build configuration list for PBXNativeTarget "LoginViewCode" */;
			buildPhases = (
				BF13F85A94D740221067075C /* [CP] Check Pods Manifest.lock */,
				6B782E522B1E657C0043DCFA /* Sources */,
				6B782E532B1E657C0043DCFA /* Frameworks */,
				6B782E542B1E657C0043DCFA /* Resources */,
				52D130EC6BCB185206ABDF21 /* [CP] Embed Pods Frameworks */,
			);
			buildRules = (
			);
			dependencies = (
			);
			name = LoginViewCode;
			productName = LoginViewCode;
			productReference = 6B782E562B1E657C0043DCFA /* LoginViewCode.app */;
			productType = "com.apple.product-type.application";
		};
/* End PBXNativeTarget section */

/* Begin PBXProject section */
		6B782E4E2B1E657C0043DCFA /* Project object */ = {
			isa = PBXProject;
			attributes = {
				BuildIndependentTargetsInParallel = 1;
				LastSwiftUpdateCheck = 1420;
				LastUpgradeCheck = 1420;
				TargetAttributes = {
					6B782E552B1E657C0043DCFA = {
						CreatedOnToolsVersion = 14.2;
					};
				};
			};
			buildConfigurationList = 6B782E512B1E657C0043DCFA /* Build configuration list for PBXProject "LoginViewCode" */;
			compatibilityVersion = "Xcode 14.0";
			developmentRegion = en;
			hasScannedForEncodings = 0;
			knownRegions = (
				en,
				Base,
			);
			mainGroup = 6B782E4D2B1E657C0043DCFA;
			productRefGroup = 6B782E572B1E657C0043DCFA /* Products */;
			projectDirPath = "";
			projectRoot = "";
			targets = (
				6B782E552B1E657C0043DCFA /* LoginViewCode */,
			);
		};
/* End PBXProject section */

/* Begin PBXResourcesBuildPhase section */
		6B782E542B1E657C0043DCFA /* Resources */ = {
			isa = PBXResourcesBuildPhase;
			buildActionMask = 2147483647;
			files = (
				6B782E662B1E657D0043DCFA /* LaunchScreen.storyboard in Resources */,
				6B782E632B1E657D0043DCFA /* Assets.xcassets in Resources */,
			);
			runOnlyForDeploymentPostprocessing = 0;
		};
/* End PBXResourcesBuildPhase section */

/* Begin PBXShellScriptBuildPhase section */
		52D130EC6BCB185206ABDF21 /* [CP] Embed Pods Frameworks */ = {
			isa = PBXShellScriptBuildPhase;
			buildActionMask = 2147483647;
			files = (
			);
			inputFileListPaths = (
				"${PODS_ROOT}/Target Support Files/Pods-LoginViewCode/Pods-LoginViewCode-frameworks-${CONFIGURATION}-input-files.xcfilelist",
			);
			name = "[CP] Embed Pods Frameworks";
			outputFileListPaths = (
				"${PODS_ROOT}/Target Support Files/Pods-LoginViewCode/Pods-LoginViewCode-frameworks-${CONFIGURATION}-output-files.xcfilelist",
			);
			runOnlyForDeploymentPostprocessing = 0;
			shellPath = /bin/sh;
			shellScript = "\"${PODS_ROOT}/Target Support Files/Pods-LoginViewCode/Pods-LoginViewCode-frameworks.sh\"\n";
			showEnvVarsInLog = 0;
		};
		BF13F85A94D740221067075C /* [CP] Check Pods Manifest.lock */ = {
			isa = PBXShellScriptBuildPhase;
			buildActionMask = 2147483647;
			files = (
			);
			inputFileListPaths = (
			);
			inputPaths = (
				"${PODS_PODFILE_DIR_PATH}/Podfile.lock",
				"${PODS_ROOT}/Manifest.lock",
			);
			name = "[CP] Check Pods Manifest.lock";
			outputFileListPaths = (
			);
			outputPaths = (
				"$(DERIVED_FILE_DIR)/Pods-LoginViewCode-checkManifestLockResult.txt",
			);
			runOnlyForDeploymentPostprocessing = 0;
			shellPath = /bin/sh;
			shellScript = "diff \"${PODS_PODFILE_DIR_PATH}/Podfile.lock\" \"${PODS_ROOT}/Manifest.lock\" > /dev/null\nif [ $? != 0 ] ; then\n    # print error to STDERR\n    echo \"error: The sandbox is not in sync with the Podfile.lock. Run 'pod install' or update your CocoaPods installation.\" >&2\n    exit 1\nfi\n# This output is used by Xcode 'outputs' to avoid re-running this script phase.\necho \"SUCCESS\" > \"${SCRIPT_OUTPUT_FILE_0}\"\n";
			showEnvVarsInLog = 0;
		};
/* End PBXShellScriptBuildPhase section */

/* Begin PBXSourcesBuildPhase section */
		6B782E522B1E657C0043DCFA /* Sources */ = {
			isa = PBXSourcesBuildPhase;
			buildActionMask = 2147483647;
			files = (
				6B782E7C2B1FA6990043DCFA /* RegisterScreen.swift in Sources */,
				6B782E5E2B1E657C0043DCFA /* LoginViewController.swift in Sources */,
				6B782E7A2B1F9FDF0043DCFA /* RegisterViewController.swift in Sources */,
				6B782E712B1E99240043DCFA /* LoginScreen.swift in Sources */,
				6B782E5A2B1E657C0043DCFA /* AppDelegate.swift in Sources */,
				6B782E5C2B1E657C0043DCFA /* SceneDelegate.swift in Sources */,
			);
			runOnlyForDeploymentPostprocessing = 0;
		};
/* End PBXSourcesBuildPhase section */

/* Begin PBXVariantGroup section */
		6B782E642B1E657D0043DCFA /* LaunchScreen.storyboard */ = {
			isa = PBXVariantGroup;
			children = (
				6B782E652B1E657D0043DCFA /* Base */,
			);
			name = LaunchScreen.storyboard;
			sourceTree = "<group>";
		};
/* End PBXVariantGroup section */

/* Begin XCBuildConfiguration section */
		6B782E682B1E657D0043DCFA /* Debug */ = {
			isa = XCBuildConfiguration;
			buildSettings = {
				ALWAYS_SEARCH_USER_PATHS = NO;
				CLANG_ANALYZER_NONNULL = YES;
				CLANG_ANALYZER_NUMBER_OBJECT_CONVERSION = YES_AGGRESSIVE;
				CLANG_CXX_LANGUAGE_STANDARD = "gnu++20";
				CLANG_ENABLE_MODULES = YES;
				CLANG_ENABLE_OBJC_ARC = YES;
				CLANG_ENABLE_OBJC_WEAK = YES;
				CLANG_WARN_BLOCK_CAPTURE_AUTORELEASING = YES;
				CLANG_WARN_BOOL_CONVERSION = YES;
				CLANG_WARN_COMMA = YES;
				CLANG_WARN_CONSTANT_CONVERSION = YES;
				CLANG_WARN_DEPRECATED_OBJC_IMPLEMENTATIONS = YES;
				CLANG_WARN_DIRECT_OBJC_ISA_USAGE = YES_ERROR;
				CLANG_WARN_DOCUMENTATION_COMMENTS = YES;
				CLANG_WARN_EMPTY_BODY = YES;
				CLANG_WARN_ENUM_CONVERSION = YES;
				CLANG_WARN_INFINITE_RECURSION = YES;
				CLANG_WARN_INT_CONVERSION = YES;
				CLANG_WARN_NON_LITERAL_NULL_CONVERSION = YES;
				CLANG_WARN_OBJC_IMPLICIT_RETAIN_SELF = YES;
				CLANG_WARN_OBJC_LITERAL_CONVERSION = YES;
				CLANG_WARN_OBJC_ROOT_CLASS = YES_ERROR;
				CLANG_WARN_QUOTED_INCLUDE_IN_FRAMEWORK_HEADER = YES;
				CLANG_WARN_RANGE_LOOP_ANALYSIS = YES;
				CLANG_WARN_STRICT_PROTOTYPES = YES;
				CLANG_WARN_SUSPICIOUS_MOVE = YES;
				CLANG_WARN_UNGUARDED_AVAILABILITY = YES_AGGRESSIVE;
				CLANG_WARN_UNREACHABLE_CODE = YES;
				CLANG_WARN__DUPLICATE_METHOD_MATCH = YES;
				COPY_PHASE_STRIP = NO;
				DEBUG_INFORMATION_FORMAT = dwarf;
				ENABLE_STRICT_OBJC_MSGSEND = YES;
				ENABLE_TESTABILITY = YES;
				GCC_C_LANGUAGE_STANDARD = gnu11;
				GCC_DYNAMIC_NO_PIC = NO;
				GCC_NO_COMMON_BLOCKS = YES;
				GCC_OPTIMIZATION_LEVEL = 0;
				GCC_PREPROCESSOR_DEFINITIONS = (
					"DEBUG=1",
					"$(inherited)",
				);
				GCC_WARN_64_TO_32_BIT_CONVERSION = YES;
				GCC_WARN_ABOUT_RETURN_TYPE = YES_ERROR;
				GCC_WARN_UNDECLARED_SELECTOR = YES;
				GCC_WARN_UNINITIALIZED_AUTOS = YES_AGGRESSIVE;
				GCC_WARN_UNUSED_FUNCTION = YES;
				GCC_WARN_UNUSED_VARIABLE = YES;
				IPHONEOS_DEPLOYMENT_TARGET = 16.2;
				MTL_ENABLE_DEBUG_INFO = INCLUDE_SOURCE;
				MTL_FAST_MATH = YES;
				ONLY_ACTIVE_ARCH = YES;
				SDKROOT = iphoneos;
				SWIFT_ACTIVE_COMPILATION_CONDITIONS = DEBUG;
				SWIFT_OPTIMIZATION_LEVEL = "-Onone";
			};
			name = Debug;
		};
		6B782E692B1E657D0043DCFA /* Release */ = {
			isa = XCBuildConfiguration;
			buildSettings = {
				ALWAYS_SEARCH_USER_PATHS = NO;
				CLANG_ANALYZER_NONNULL = YES;
				CLANG_ANALYZER_NUMBER_OBJECT_CONVERSION = YES_AGGRESSIVE;
				CLANG_CXX_LANGUAGE_STANDARD = "gnu++20";
				CLANG_ENABLE_MODULES = YES;
				CLANG_ENABLE_OBJC_ARC = YES;
				CLANG_ENABLE_OBJC_WEAK = YES;
				CLANG_WARN_BLOCK_CAPTURE_AUTORELEASING = YES;
				CLANG_WARN_BOOL_CONVERSION = YES;
				CLANG_WARN_COMMA = YES;
				CLANG_WARN_CONSTANT_CONVERSION = YES;
				CLANG_WARN_DEPRECATED_OBJC_IMPLEMENTATIONS = YES;
				CLANG_WARN_DIRECT_OBJC_ISA_USAGE = YES_ERROR;
				CLANG_WARN_DOCUMENTATION_COMMENTS = YES;
				CLANG_WARN_EMPTY_BODY = YES;
				CLANG_WARN_ENUM_CONVERSION = YES;
				CLANG_WARN_INFINITE_RECURSION = YES;
				CLANG_WARN_INT_CONVERSION = YES;
				CLANG_WARN_NON_LITERAL_NULL_CONVERSION = YES;
				CLANG_WARN_OBJC_IMPLICIT_RETAIN_SELF = YES;
				CLANG_WARN_OBJC_LITERAL_CONVERSION = YES;
				CLANG_WARN_OBJC_ROOT_CLASS = YES_ERROR;
				CLANG_WARN_QUOTED_INCLUDE_IN_FRAMEWORK_HEADER = YES;
				CLANG_WARN_RANGE_LOOP_ANALYSIS = YES;
				CLANG_WARN_STRICT_PROTOTYPES = YES;
				CLANG_WARN_SUSPICIOUS_MOVE = YES;
				CLANG_WARN_UNGUARDED_AVAILABILITY = YES_AGGRESSIVE;
				CLANG_WARN_UNREACHABLE_CODE = YES;
				CLANG_WARN__DUPLICATE_METHOD_MATCH = YES;
				COPY_PHASE_STRIP = NO;
				DEBUG_INFORMATION_FORMAT = "dwarf-with-dsym";
				ENABLE_NS_ASSERTIONS = NO;
				ENABLE_STRICT_OBJC_MSGSEND = YES;
				GCC_C_LANGUAGE_STANDARD = gnu11;
				GCC_NO_COMMON_BLOCKS = YES;
				GCC_WARN_64_TO_32_BIT_CONVERSION = YES;
				GCC_WARN_ABOUT_RETURN_TYPE = YES_ERROR;
				GCC_WARN_UNDECLARED_SELECTOR = YES;
				GCC_WARN_UNINITIALIZED_AUTOS = YES_AGGRESSIVE;
				GCC_WARN_UNUSED_FUNCTION = YES;
				GCC_WARN_UNUSED_VARIABLE = YES;
				IPHONEOS_DEPLOYMENT_TARGET = 16.2;
				MTL_ENABLE_DEBUG_INFO = NO;
				MTL_FAST_MATH = YES;
				SDKROOT = iphoneos;
				SWIFT_COMPILATION_MODE = wholemodule;
				SWIFT_OPTIMIZATION_LEVEL = "-O";
				VALIDATE_PRODUCT = YES;
			};
			name = Release;
		};
		6B782E6B2B1E657D0043DCFA /* Debug */ = {
			isa = XCBuildConfiguration;
			baseConfigurationReference = 909A55907BCDBE89C81F53F0 /* Pods-LoginViewCode.debug.xcconfig */;
			buildSettings = {
				ASSETCATALOG_COMPILER_APPICON_NAME = AppIcon;
				ASSETCATALOG_COMPILER_GLOBAL_ACCENT_COLOR_NAME = AccentColor;
				CODE_SIGN_STYLE = Automatic;
				CURRENT_PROJECT_VERSION = 1;
				DEVELOPMENT_TEAM = K2R9XK3P8Z;
				GENERATE_INFOPLIST_FILE = YES;
				INFOPLIST_FILE = LoginViewCode/Info.plist;
				INFOPLIST_KEY_UIApplicationSupportsIndirectInputEvents = YES;
				INFOPLIST_KEY_UILaunchStoryboardName = LaunchScreen;
				INFOPLIST_KEY_UIMainStoryboardFile = "";
				INFOPLIST_KEY_UIStatusBarStyle = "";
				INFOPLIST_KEY_UISupportedInterfaceOrientations_iPad = "UIInterfaceOrientationPortrait UIInterfaceOrientationPortraitUpsideDown UIInterfaceOrientationLandscapeLeft UIInterfaceOrientationLandscapeRight";
				INFOPLIST_KEY_UISupportedInterfaceOrientations_iPhone = "UIInterfaceOrientationPortrait UIInterfaceOrientationLandscapeLeft UIInterfaceOrientationLandscapeRight";
				LD_RUNPATH_SEARCH_PATHS = (
					"$(inherited)",
					"@executable_path/Frameworks",
				);
				MARKETING_VERSION = 1.0;
				PRODUCT_BUNDLE_IDENTIFIER = br.com.descomplica.LoginViewCode;
				PRODUCT_NAME = "$(TARGET_NAME)";
				SUPPORTED_PLATFORMS = "iphoneos iphonesimulator";
				SUPPORTS_MACCATALYST = NO;
				SUPPORTS_MAC_DESIGNED_FOR_IPHONE_IPAD = NO;
				SWIFT_EMIT_LOC_STRINGS = YES;
				SWIFT_VERSION = 5.0;
				TARGETED_DEVICE_FAMILY = 1;
			};
			name = Debug;
		};
		6B782E6C2B1E657D0043DCFA /* Release */ = {
			isa = XCBuildConfiguration;
			baseConfigurationReference = 2EE570E0714C6B3876AAD19C /* Pods-LoginViewCode.release.xcconfig */;
			buildSettings = {
				ASSETCATALOG_COMPILER_APPICON_NAME = AppIcon;
				ASSETCATALOG_COMPILER_GLOBAL_ACCENT_COLOR_NAME = AccentColor;
				CODE_SIGN_STYLE = Automatic;
				CURRENT_PROJECT_VERSION = 1;
				DEVELOPMENT_TEAM = K2R9XK3P8Z;
				GENERATE_INFOPLIST_FILE = YES;
				INFOPLIST_FILE = LoginViewCode/Info.plist;
				INFOPLIST_KEY_UIApplicationSupportsIndirectInputEvents = YES;
				INFOPLIST_KEY_UILaunchStoryboardName = LaunchScreen;
				INFOPLIST_KEY_UIMainStoryboardFile = "";
				INFOPLIST_KEY_UIStatusBarStyle = "";
				INFOPLIST_KEY_UISupportedInterfaceOrientations_iPad = "UIInterfaceOrientationPortrait UIInterfaceOrientationPortraitUpsideDown UIInterfaceOrientationLandscapeLeft UIInterfaceOrientationLandscapeRight";
				INFOPLIST_KEY_UISupportedInterfaceOrientations_iPhone = "UIInterfaceOrientationPortrait UIInterfaceOrientationLandscapeLeft UIInterfaceOrientationLandscapeRight";
				LD_RUNPATH_SEARCH_PATHS = (
					"$(inherited)",
					"@executable_path/Frameworks",
				);
				MARKETING_VERSION = 1.0;
				PRODUCT_BUNDLE_IDENTIFIER = br.com.descomplica.LoginViewCode;
				PRODUCT_NAME = "$(TARGET_NAME)";
				SUPPORTED_PLATFORMS = "iphoneos iphonesimulator";
				SUPPORTS_MACCATALYST = NO;
				SUPPORTS_MAC_DESIGNED_FOR_IPHONE_IPAD = NO;
				SWIFT_EMIT_LOC_STRINGS = YES;
				SWIFT_VERSION = 5.0;
				TARGETED_DEVICE_FAMILY = 1;
			};
			name = Release;
		};
/* End XCBuildConfiguration section */

/* Begin XCConfigurationList section */
		6B782E512B1E657C0043DCFA /* Build configuration list for PBXProject "LoginViewCode" */ = {
			isa = XCConfigurationList;
			buildConfigurations = (
				6B782E682B1E657D0043DCFA /* Debug */,
				6B782E692B1E657D0043DCFA /* Release */,
			);
			defaultConfigurationIsVisible = 0;
			defaultConfigurationName = Release;
		};
		6B782E6A2B1E657D0043DCFA /* Build configuration list for PBXNativeTarget "LoginViewCode" */ = {
			isa = XCConfigurationList;
			buildConfigurations = (
				6B782E6B2B1E657D0043DCFA /* Debug */,
				6B782E6C2B1E657D0043DCFA /* Release */,
			);
			defaultConfigurationIsVisible = 0;
			defaultConfigurationName = Release;
		};
/* End XCConfigurationList section */
	};
	rootObject = 6B782E4E2B1E657C0043DCFA /* Project object */;
}
